[[package]]
category = "dev"
description = "Atomic file writes."
marker = "sys_platform == \"win32\""
name = "atomicwrites"
optional = false
python-versions = ">=2.7, !=3.0.*, !=3.1.*, !=3.2.*, !=3.3.*"
version = "1.4.0"

[[package]]
category = "dev"
description = "Classes Without Boilerplate"
name = "attrs"
optional = false
python-versions = ">=2.7, !=3.0.*, !=3.1.*, !=3.2.*, !=3.3.*, !=3.4.*"
version = "21.2.0"

[package.extras]
dev = ["coverage (>=5.0.2)", "hypothesis", "pympler", "pytest (>=4.3.0)", "six", "mypy", "pytest-mypy-plugins", "zope.interface", "furo", "sphinx", "sphinx-notfound-page", "pre-commit"]
docs = ["furo", "sphinx", "zope.interface", "sphinx-notfound-page"]
tests = ["coverage (>=5.0.2)", "hypothesis", "pympler", "pytest (>=4.3.0)", "six", "mypy", "pytest-mypy-plugins", "zope.interface"]
tests_no_zope = ["coverage (>=5.0.2)", "hypothesis", "pympler", "pytest (>=4.3.0)", "six", "mypy", "pytest-mypy-plugins"]

[[package]]
category = "dev"
description = "Cross-platform colored terminal text."
marker = "sys_platform == \"win32\""
name = "colorama"
optional = false
python-versions = ">=2.7, !=3.0.*, !=3.1.*, !=3.2.*, !=3.3.*, !=3.4.*"
version = "0.4.4"

[[package]]
category = "dev"
description = "iniconfig: brain-dead simple config-ini parsing"
name = "iniconfig"
optional = false
python-versions = "*"
version = "1.1.1"

[[package]]
category = "dev"
description = "Core utilities for Python packages"
name = "packaging"
optional = false
python-versions = ">=3.6"
version = "21.0"

[package.dependencies]
pyparsing = ">=2.0.2"

[[package]]
category = "dev"
description = "plugin and hook calling mechanisms for python"
name = "pluggy"
optional = false
python-versions = ">=2.7, !=3.0.*, !=3.1.*, !=3.2.*, !=3.3.*"
version = "0.13.1"

[package.extras]
dev = ["pre-commit", "tox"]

[[package]]
category = "dev"
description = "library with cross-python path, ini-parsing, io, code, log facilities"
name = "py"
optional = false
python-versions = ">=2.7, !=3.0.*, !=3.1.*, !=3.2.*, !=3.3.*"
version = "1.10.0"

[[package]]
category = "main"
description = "Python Game Development"
name = "pygame"
optional = false
python-versions = "*"
version = "2.0.1"

[[package]]
category = "dev"
description = "Python parsing module"
name = "pyparsing"
optional = false
python-versions = ">=2.6, !=3.0.*, !=3.1.*, !=3.2.*"
version = "2.4.7"

[[package]]
category = "dev"
description = "pytest: simple powerful testing with Python"
name = "pytest"
optional = false
python-versions = ">=3.6"
version = "6.2.4"

[package.dependencies]
atomicwrites = ">=1.0"
attrs = ">=19.2.0"
colorama = "*"
iniconfig = "*"
packaging = "*"
pluggy = ">=0.12,<1.0.0a1"
py = ">=1.8.2"
toml = "*"

[package.extras]
testing = ["argcomplete", "hypothesis (>=3.56)", "mock", "nose", "requests", "xmlschema"]

[[package]]
category = "dev"
description = "Thin-wrapper around the mock package for easier use with pytest"
name = "pytest-mock"
optional = false
python-versions = ">=3.6"
version = "3.6.1"

[package.dependencies]
pytest = ">=5.0"

[package.extras]
dev = ["pre-commit", "tox", "pytest-asyncio"]

[[package]]
category = "main"
description = "Strict separation of settings from code."
name = "python-decouple"
optional = false
python-versions = "*"
version = "3.4"

[[package]]
category = "dev"
description = "Python Library for Tom's Obvious, Minimal Language"
name = "toml"
optional = false
python-versions = ">=2.6, !=3.0.*, !=3.1.*, !=3.2.*"
version = "0.10.2"

[metadata]
content-hash = "f61a8d8e9d3e468e4bd436b99fc6c5de7609fa73835e8eef86bc64d930754d7c"
python-versions = "^3.8"

[metadata.files]
atomicwrites = [
    {file = "atomicwrites-1.4.0-py2.py3-none-any.whl", hash = "sha256:6d1784dea7c0c8d4a5172b6c620f40b6e4cbfdf96d783691f2e1302a7b88e197"},
    {file = "atomicwrites-1.4.0.tar.gz", hash = "sha256:ae70396ad1a434f9c7046fd2dd196fc04b12f9e91ffb859164193be8b6168a7a"},
]
attrs = [
    {file = "attrs-21.2.0-py2.py3-none-any.whl", hash = "sha256:149e90d6d8ac20db7a955ad60cf0e6881a3f20d37096140088356da6c716b0b1"},
    {file = "attrs-21.2.0.tar.gz", hash = "sha256:ef6aaac3ca6cd92904cdd0d83f629a15f18053ec84e6432106f7a4d04ae4f5fb"},
]
colorama = [
    {file = "colorama-0.4.4-py2.py3-none-any.whl", hash = "sha256:9f47eda37229f68eee03b24b9748937c7dc3868f906e8ba69fbcbdd3bc5dc3e2"},
    {file = "colorama-0.4.4.tar.gz", hash = "sha256:5941b2b48a20143d2267e95b1c2a7603ce057ee39fd88e7329b0c292aa16869b"},
]
iniconfig = [
    {file = "iniconfig-1.1.1-py2.py3-none-any.whl", hash = "sha256:011e24c64b7f47f6ebd835bb12a743f2fbe9a26d4cecaa7f53bc4f35ee9da8b3"},
    {file = "iniconfig-1.1.1.tar.gz", hash = "sha256:bc3af051d7d14b2ee5ef9969666def0cd1a000e121eaea580d4a313df4b37f32"},
]
packaging = [
    {file = "packaging-21.0-py3-none-any.whl", hash = "sha256:c86254f9220d55e31cc94d69bade760f0847da8000def4dfe1c6b872fd14ff14"},
    {file = "packaging-21.0.tar.gz", hash = "sha256:7dc96269f53a4ccec5c0670940a4281106dd0bb343f47b7471f779df49c2fbe7"},
]
pluggy = [
    {file = "pluggy-0.13.1-py2.py3-none-any.whl", hash = "sha256:966c145cd83c96502c3c3868f50408687b38434af77734af1e9ca461a4081d2d"},
    {file = "pluggy-0.13.1.tar.gz", hash = "sha256:15b2acde666561e1298d71b523007ed7364de07029219b604cf808bfa1c765b0"},
]
py = [
    {file = "py-1.10.0-py2.py3-none-any.whl", hash = "sha256:3b80836aa6d1feeaa108e046da6423ab8f6ceda6468545ae8d02d9d58d18818a"},
    {file = "py-1.10.0.tar.gz", hash = "sha256:21b81bda15b66ef5e1a777a21c4dcd9c20ad3efd0b3f817e7a809035269e1bd3"},
]
pygame = [
    {file = "pygame-2.0.1-cp27-cp27m-macosx_10_9_intel.whl", hash = "sha256:49c2f58559c1fbf4ba258e4b141578ccb0e83da3d4f823894f6171a8f0d594ed"},
    {file = "pygame-2.0.1-cp27-cp27m-win32.whl", hash = "sha256:0571dde0277483f5060c8ee43cbfd8df5776b12505e3948eee241c8ce9b93371"},
    {file = "pygame-2.0.1-cp27-cp27m-win_amd64.whl", hash = "sha256:fd5ee0f42d59a290c049f91894e0739f62c2908e7edc028ffb847a105e68bfc3"},
    {file = "pygame-2.0.1-cp27-cp27mu-manylinux1_i686.whl", hash = "sha256:21475405bcdeb20b8a796a3da6704ebb816e06b29749dd64ff619e80816b7932"},
    {file = "pygame-2.0.1-cp27-cp27mu-manylinux1_x86_64.whl", hash = "sha256:ad230911d61f448c09886d3c92b2eae44ca7530babe9c48e74e02a0622ce2d34"},
    {file = "pygame-2.0.1-cp35-cp35m-macosx_10_9_intel.whl", hash = "sha256:9aead3f2eed90260136b201f398965900c5335c974bb7b47c381d98e39284018"},
    {file = "pygame-2.0.1-cp35-cp35m-manylinux1_i686.whl", hash = "sha256:5aeeb6659a7fe7760a78e449566553ae8c949ae29dd907a8eb4171fa0a274c16"},
    {file = "pygame-2.0.1-cp35-cp35m-manylinux1_x86_64.whl", hash = "sha256:3270cbcff40ca2b5622a145346298a33285c91b6d50097e0b85123d9a2bc7c9b"},
    {file = "pygame-2.0.1-cp35-cp35m-win32.whl", hash = "sha256:72625dc949c6d08ba7ce7c37a33163bb498d90ca0d7e626db3cfbf486df4db1d"},
    {file = "pygame-2.0.1-cp35-cp35m-win_amd64.whl", hash = "sha256:bf833c853a0568738ee5d88e1345c17bf3e8db626c36fb895327a35bb1827b0b"},
    {file = "pygame-2.0.1-cp36-cp36m-macosx_10_9_intel.whl", hash = "sha256:44f3ff8224d7cb998642400371c685005c8316b55e87794cbf1f6407b88ec424"},
    {file = "pygame-2.0.1-cp36-cp36m-manylinux1_i686.whl", hash = "sha256:eab18df58dcc8512f1b694f7218146828d7e3dd3f4e73bfd6942a11810293fd5"},
    {file = "pygame-2.0.1-cp36-cp36m-manylinux1_x86_64.whl", hash = "sha256:19357c826ab94f9ae5b4ec5cb752cc806cfc29ea32cf7bdaacb65fa2615607e8"},
    {file = "pygame-2.0.1-cp36-cp36m-win32.whl", hash = "sha256:328d70d40bc9a6defb9f330f5e7f3d0726af1e7c2308ebca582e69480db2950d"},
    {file = "pygame-2.0.1-cp36-cp36m-win_amd64.whl", hash = "sha256:81510ffb1c31a3827c6be047b1926d81caf36dc734564ca0e14903d6bce60c6f"},
    {file = "pygame-2.0.1-cp37-cp37m-macosx_10_9_intel.whl", hash = "sha256:ece424c83a575c2e0ba25815871458d3bbade46d76b7997236fb51a0251229ab"},
    {file = "pygame-2.0.1-cp37-cp37m-manylinux1_i686.whl", hash = "sha256:e72cdc97a49509ca2298350c2c3a0ac26bc8e943ce003a7d245df42e91439d5d"},
    {file = "pygame-2.0.1-cp37-cp37m-manylinux1_x86_64.whl", hash = "sha256:9fd0691c4fe58b932674bb6a91d2808790e8269c3183ef16052f13e1c602ac00"},
    {file = "pygame-2.0.1-cp37-cp37m-win32.whl", hash = "sha256:4f41252dfa1e8bb95f2ea51fba710827dde9820a535623d002a65621bafe7e3f"},
    {file = "pygame-2.0.1-cp37-cp37m-win_amd64.whl", hash = "sha256:3b31d088129977885f72037c55cfa1140e9bcf3468e68b46141f6cc2b33d456b"},
    {file = "pygame-2.0.1-cp38-cp38-macosx_10_9_intel.whl", hash = "sha256:30eb5c7adb0b3362024cec2c461be6978fbfc99c3bca974e438b1b540cd09438"},
    {file = "pygame-2.0.1-cp38-cp38-manylinux1_i686.whl", hash = "sha256:845385caf99f8d941607791c60e560d24b4a35c70eef0b01c30cfde0b913ff92"},
    {file = "pygame-2.0.1-cp38-cp38-manylinux1_x86_64.whl", hash = "sha256:3c2676b4fd278d632037eacd3b0524ce1a592c048e8e5eb5830475f83585cb3a"},
    {file = "pygame-2.0.1-cp38-cp38-win32.whl", hash = "sha256:4d3135a1f8c76c3fff1ef8b7a51e4c6523748e9bdbd7bca6daa69790ce0e798a"},
    {file = "pygame-2.0.1-cp38-cp38-win_amd64.whl", hash = "sha256:898874521a9be1f9dbc5b036a9755803287c2664e335afd3e10963f7f4ccb853"},
    {file = "pygame-2.0.1-cp39-cp39-macosx_10_9_intel.whl", hash = "sha256:ed80b40da839d60f4c03915bb3638e3c96ea8c30e689d0cc309b7597d82cc217"},
    {file = "pygame-2.0.1-cp39-cp39-manylinux1_i686.whl", hash = "sha256:fd6acd09d2a0fd3f616b18f977f399ed3dd95e2d6754f115837f026d19d62e10"},
    {file = "pygame-2.0.1-cp39-cp39-manylinux1_x86_64.whl", hash = "sha256:d8059084ce54b2c3d7b2c8bacd5f6490db849b2d2d6e7368c160b08504c87e73"},
    {file = "pygame-2.0.1-cp39-cp39-win32.whl", hash = "sha256:107d5f82f471baee4b9522a691cb320dd52dbf329ed7a0e9ab25f75cd3caf890"},
    {file = "pygame-2.0.1-cp39-cp39-win_amd64.whl", hash = "sha256:07ed57062be4bb9741f57dab1751d95574c091c9958ed7e39cdb246d50903283"},
    {file = "pygame-2.0.1-pp27-pypy_73-manylinux2010_i686.whl", hash = "sha256:5f057e5aa4c383fcf18560dcae2c5593e37e3fc941083a0a00a17f7cf25ee522"},
    {file = "pygame-2.0.1-pp27-pypy_73-manylinux2010_x86_64.whl", hash = "sha256:c188ce4bf1544f2758e8b651f4349a0f3dc441e09d8ab7c4863db1ae8f084a32"},
    {file = "pygame-2.0.1-pp27-pypy_73-win32.whl", hash = "sha256:7ea518d8eeb072c77c16977cdee3c59d9fffa750ed9c7c9c533ba520b6b08af7"},
    {file = "pygame-2.0.1-pp36-pypy36_pp73-macosx_10_9_intel.whl", hash = "sha256:10ca736eecedadf492ba1191f9fa3a5e6f30db2b9f8882b3ee7706d5a89c14e0"},
    {file = "pygame-2.0.1-pp36-pypy36_pp73-manylinux2010_i686.whl", hash = "sha256:5afc34f0af0cec09a20b6bb09090054fac5169ab01909e01b06e7e0752ab0153"},
    {file = "pygame-2.0.1-pp36-pypy36_pp73-manylinux2010_x86_64.whl", hash = "sha256:2d9b0a66034fed390ee367a549435853502c9d4fe82ac0fa3a520f0ad5648e6e"},
    {file = "pygame-2.0.1-pp36-pypy36_pp73-win32.whl", hash = "sha256:9de559462aaa68c40bb7625dcd587584b4eb85c4208528dc97b9ee7254945294"},
    {file = "pygame-2.0.1-pp37-pypy37_pp73-macosx_10_9_intel.whl", hash = "sha256:9f48277de1daa83fd58a722b2e3423201b5eb39842227f32702fb78e4bba5a71"},
    {file = "pygame-2.0.1-pp37-pypy37_pp73-manylinux2010_i686.whl", hash = "sha256:a4e35d89b6754941e82df1ce980a1c370943d3c076938d94ed1e48165dd6a11b"},
    {file = "pygame-2.0.1-pp37-pypy37_pp73-manylinux2010_x86_64.whl", hash = "sha256:b812285d23b5644c643a6ae30553a772f935f47f61826660b108b8727936384b"},
    {file = "pygame-2.0.1.tar.gz", hash = "sha256:8b1e7b63f47aafcdd8849933b206778747ef1802bd3d526aca45ed77141e4001"},
]
pyparsing = [
    {file = "pyparsing-2.4.7-py2.py3-none-any.whl", hash = "sha256:ef9d7589ef3c200abe66653d3f1ab1033c3c419ae9b9bdb1240a85b024efc88b"},
    {file = "pyparsing-2.4.7.tar.gz", hash = "sha256:c203ec8783bf771a155b207279b9bccb8dea02d8f0c9e5f8ead507bc3246ecc1"},
]
pytest = [
    {file = "pytest-6.2.4-py3-none-any.whl", hash = "sha256:91ef2131a9bd6be8f76f1f08eac5c5317221d6ad1e143ae03894b862e8976890"},
    {file = "pytest-6.2.4.tar.gz", hash = "sha256:50bcad0a0b9c5a72c8e4e7c9855a3ad496ca6a881a3641b4260605450772c54b"},
]
pytest-mock = [
    {file = "pytest-mock-3.6.1.tar.gz", hash = "sha256:40217a058c52a63f1042f0784f62009e976ba824c418cced42e88d5f40ab0e62"},
    {file = "pytest_mock-3.6.1-py3-none-any.whl", hash = "sha256:30c2f2cc9759e76eee674b81ea28c9f0b94f8f0445a1b87762cadf774f0df7e3"},
]
python-decouple = [
    {file = "python-decouple-3.4.tar.gz", hash = "sha256:2e5adb0263a4f963b58d7407c4760a2465d464ee212d733e2a2c179e54c08d8f"},
    {file = "python_decouple-3.4-py3-none-any.whl", hash = "sha256:a8268466e6389a639a20deab9d880faee186eb1eb6a05e54375bdf158d691981"},
]
toml = [
    {file = "toml-0.10.2-py2.py3-none-any.whl", hash = "sha256:806143ae5bfb6a3c6e736a764057db0e6a0e05e338b5630894a5f779cabb4f9b"},
    {file = "toml-0.10.2.tar.gz", hash = "sha256:b3bda1d108d5dd99f4a20d24d9c348e91c4db7ab1b749200bded2f839ccbe68f"},
]
